{
  "requires": true,
  "lockfileVersion": 1,
  "dependencies": {
    "@vuepress/plugin-google-analytics": {
      "version": "1.8.2",
      "resolved": "https://registry.npmjs.org/@vuepress/plugin-google-analytics/-/plugin-google-analytics-1.8.2.tgz",
      "integrity": "sha512-BMFayLzT2BvXmnhM9mDHw0UPU7J0pH1X9gQA4HmZxOf7f3+atK5eJGsc1Ia/+1FTG2ESvhFLUU/CC3h5arjEJw==",
      "dev": true
    },
    "@vuepress/plugin-nprogress": {
      "version": "1.8.2",
      "resolved": "https://registry.npmjs.org/@vuepress/plugin-nprogress/-/plugin-nprogress-1.8.2.tgz",
      "integrity": "sha512-3TOBee2NM3WLr1tdjDTGfrAMggjN+OlEPyKyv8FqThsVkDYhw48O3HwqlThp9KX7UbL3ExxIFBwWRFLC+kYrdw==",
      "dev": true,
      "requires": {
        "nprogress": "^0.2.0"
      }
    },
    "moment": {
      "version": "2.29.1",
      "resolved": "https://registry.npm.taobao.org/moment/download/moment-2.29.1.tgz?cache=0&sync_timestamp=1601983320283&other_urls=https%3A%2F%2Fregistry.npm.taobao.org%2Fmoment%2Fdownload%2Fmoment-2.29.1.tgz",
      "integrity": "sha1-sr52n6MZQL6e7qZGnAdeNQBvo9M="
    },
    "nprogress": {
      "version": "0.2.0",
      "resolved": "https://registry.npmjs.org/nprogress/-/nprogress-0.2.0.tgz",
      "integrity": "sha1-y480xTIT2JVyP8urkH6UIq28r7E=",
      "dev": true
    },
    "vuepress-plugin-social-share": {
      "version": "1.0.0",
      "resolved": "https://registry.npm.taobao.org/vuepress-plugin-social-share/download/vuepress-plugin-social-share-1.0.0.tgz",
      "integrity": "sha1-d1olCuBQIRyt0BW8zu1oSXbxK48=",
      "dev": true,
      "requires": {
        "deepmerge": "^4.2.2"
      },
      "dependencies": {
        "deepmerge": {
          "version": "4.2.2",
          "resolved": "https://registry.npm.taobao.org/deepmerge/download/deepmerge-4.2.2.tgz",
          "integrity": "sha1-RNLqNnm49NT/ujPwPYZfwee/SVU=",
          "dev": true
        }
      }
    }
  }
}
